apiVersion: vendir.k14s.io/v1alpha1
directories:
- contents:
  - git:
      commitTitle: Deprecated Values
      sha: 29e827fa5379bb2a254e22566736a9de2837b212
    path: aws-node-termination-handler
  path: vendor
- contents:
  - directory: {}
    path: .
  path: helm/aws-node-termination-handler/templates
kind: LockConfig
