apiVersion: vendir.k14s.io/v1alpha1
directories:
- contents:
  - git:
      commitTitle: 'Merge pull request #1 from giantswarm/prom-np...'
      sha: d5e0fe2aa6f525b763245073b9ca79a10f980301
    path: aws-node-termination-handler
  path: vendor
- contents:
  - directory: {}
    path: .
  path: helm/aws-node-termination-handler/templates
kind: LockConfig
